
Microsoft Visual Studio Solution File, Format Version 12.00
# Visual Studio 2012
Project("{FAE04EC0-301F-11D3-BF4B-00C04F79EFBC}") = "CEXIO-API", "CEXIO-API\CEXIO-API.csproj", "{FACE25D1-C477-46E6-94BD-71430CA6F817}"
EndProject
Global
	GlobalSection(SolutionConfigurationPlatforms) = preSolution
		Debug|Any CPU = Debug|Any CPU
		Release|Any CPU = Release|Any CPU
	EndGlobalSection
	GlobalSection(ProjectConfigurationPlatforms) = postSolution
		{FACE25D1-C477-46E6-94BD-71430CA6F817}.Debug|Any CPU.ActiveCfg = Debug|Any CPU
		{FACE25D1-C477-46E6-94BD-71430CA6F817}.Debug|Any CPU.Build.0 = Debug|Any CPU
		{FACE25D1-C477-46E6-94BD-71430CA6F817}.Release|Any CPU.ActiveCfg = Release|Any CPU
		{FACE25D1-C477-46E6-94BD-71430CA6F817}.Release|Any CPU.Build.0 = Release|Any CPU
	EndGlobalSection
	GlobalSection(SolutionProperties) = preSolution
		HideSolutionNode = FALSE
	EndGlobalSection
EndGlobal
